// !$*UTF8*$!
{
	archiveVersion = 1;
	classes = {
	};
	objectVersion = 50;
	objects = {

/* Begin PBXBuildFile section */
		02021D3C2292F8BD00882190 /* Item.swift in Sources */ = {isa = PBXBuildFile; fileRef = 02021D3B2292F8BD00882190 /* Item.swift */; };
		02021D3E2292F8C700882190 /* Category.swift in Sources */ = {isa = PBXBuildFile; fileRef = 02021D3D2292F8C700882190 /* Category.swift */; };
		0226AD4C22921D49009F473B /* CategoryViewController.swift in Sources */ = {isa = PBXBuildFile; fileRef = 0226AD4B22921D49009F473B /* CategoryViewController.swift */; };
		02E39B1D228A502300B7CD01 /* AppDelegate.swift in Sources */ = {isa = PBXBuildFile; fileRef = 02E39B1C228A502300B7CD01 /* AppDelegate.swift */; };
		02E39B1F228A502300B7CD01 /* TodoListViewController.swift in Sources */ = {isa = PBXBuildFile; fileRef = 02E39B1E228A502300B7CD01 /* TodoListViewController.swift */; };
		02E39B22228A502300B7CD01 /* Main.storyboard in Resources */ = {isa = PBXBuildFile; fileRef = 02E39B20228A502300B7CD01 /* Main.storyboard */; };
		02E39B24228A502400B7CD01 /* Assets.xcassets in Resources */ = {isa = PBXBuildFile; fileRef = 02E39B23228A502400B7CD01 /* Assets.xcassets */; };
		02E39B27228A502400B7CD01 /* LaunchScreen.storyboard in Resources */ = {isa = PBXBuildFile; fileRef = 02E39B25228A502400B7CD01 /* LaunchScreen.storyboard */; };
		525438133982C50810F0B0E5 /* Pods_inQProject.framework in Frameworks */ = {isa = PBXBuildFile; fileRef = 4D8E16031AF87573E7B7621D /* Pods_inQProject.framework */; };
/* End PBXBuildFile section */

/* Begin PBXFileReference section */
		02021D3B2292F8BD00882190 /* Item.swift */ = {isa = PBXFileReference; lastKnownFileType = sourcecode.swift; path = Item.swift; sourceTree = "<group>"; };
		02021D3D2292F8C700882190 /* Category.swift */ = {isa = PBXFileReference; lastKnownFileType = sourcecode.swift; path = Category.swift; sourceTree = "<group>"; };
		0226AD4B22921D49009F473B /* CategoryViewController.swift */ = {isa = PBXFileReference; lastKnownFileType = sourcecode.swift; path = CategoryViewController.swift; sourceTree = "<group>"; };
		02E39B19228A502300B7CD01 /* inQProject.app */ = {isa = PBXFileReference; explicitFileType = wrapper.application; includeInIndex = 0; path = inQProject.app; sourceTree = BUILT_PRODUCTS_DIR; };
		02E39B1C228A502300B7CD01 /* AppDelegate.swift */ = {isa = PBXFileReference; lastKnownFileType = sourcecode.swift; path = AppDelegate.swift; sourceTree = "<group>"; };
		02E39B1E228A502300B7CD01 /* TodoListViewController.swift */ = {isa = PBXFileReference; lastKnownFileType = sourcecode.swift; name = TodoListViewController.swift; path = ../TodoListViewController.swift; sourceTree = "<group>"; };
		02E39B21228A502300B7CD01 /* Base */ = {isa = PBXFileReference; lastKnownFileType = file.storyboard; name = Base; path = Base.lproj/Main.storyboard; sourceTree = "<group>"; };
		02E39B23228A502400B7CD01 /* Assets.xcassets */ = {isa = PBXFileReference; lastKnownFileType = folder.assetcatalog; path = Assets.xcassets; sourceTree = "<group>"; };
		02E39B26228A502400B7CD01 /* Base */ = {isa = PBXFileReference; lastKnownFileType = file.storyboard; name = Base; path = Base.lproj/LaunchScreen.storyboard; sourceTree = "<group>"; };
		02E39B28228A502400B7CD01 /* Info.plist */ = {isa = PBXFileReference; lastKnownFileType = text.plist.xml; path = Info.plist; sourceTree = "<group>"; };
		4D8E16031AF87573E7B7621D /* Pods_inQProject.framework */ = {isa = PBXFileReference; explicitFileType = wrapper.framework; includeInIndex = 0; path = Pods_inQProject.framework; sourceTree = BUILT_PRODUCTS_DIR; };
		802E2BC59A11D9FB95270BCB /* Pods-inQProject.debug.xcconfig */ = {isa = PBXFileReference; includeInIndex = 1; lastKnownFileType = text.xcconfig; name = "Pods-inQProject.debug.xcconfig"; path = "Target Support Files/Pods-inQProject/Pods-inQProject.debug.xcconfig"; sourceTree = "<group>"; };
		F3D2A3CB07B1E146F80553FD /* Pods-inQProject.release.xcconfig */ = {isa = PBXFileReference; includeInIndex = 1; lastKnownFileType = text.xcconfig; name = "Pods-inQProject.release.xcconfig"; path = "Target Support Files/Pods-inQProject/Pods-inQProject.release.xcconfig"; sourceTree = "<group>"; };
/* End PBXFileReference section */

/* Begin PBXFrameworksBuildPhase section */
		02E39B16228A502300B7CD01 /* Frameworks */ = {
			isa = PBXFrameworksBuildPhase;
			buildActionMask = 2147483647;
			files = (
				525438133982C50810F0B0E5 /* Pods_inQProject.framework in Frameworks */,
			);
			runOnlyForDeploymentPostprocessing = 0;
		};
/* End PBXFrameworksBuildPhase section */

/* Begin PBXGroup section */
		020C2877228B8D8700395CED /* Supporting Files */ = {
			isa = PBXGroup;
			children = (
				02E39B23228A502400B7CD01 /* Assets.xcassets */,
				02E39B25228A502400B7CD01 /* LaunchScreen.storyboard */,
			);
			path = "Supporting Files";
			sourceTree = "<group>";
		};
		02C163CC228B8CCC0029F782 /* Controllers */ = {
			isa = PBXGroup;
			children = (
				0226AD4B22921D49009F473B /* CategoryViewController.swift */,
				02E39B1E228A502300B7CD01 /* TodoListViewController.swift */,
			);
			path = Controllers;
			sourceTree = "<group>";
		};
		02C163CE228B8D1C0029F782 /* Data Model */ = {
			isa = PBXGroup;
			children = (
				02021D3D2292F8C700882190 /* Category.swift */,
				02021D3B2292F8BD00882190 /* Item.swift */,
			);
			path = "Data Model";
			sourceTree = "<group>";
		};
		02E39B10228A502300B7CD01 = {
			isa = PBXGroup;
			children = (
				02E39B1B228A502300B7CD01 /* inQProject */,
				02E39B1A228A502300B7CD01 /* Products */,
				9398AD599713A43BEF1A80CD /* Pods */,
				BD5569556D0CE025ED906D15 /* Frameworks */,
			);
			sourceTree = "<group>";
		};
		02E39B1A228A502300B7CD01 /* Products */ = {
			isa = PBXGroup;
			children = (
				02E39B19228A502300B7CD01 /* inQProject.app */,
			);
			name = Products;
			sourceTree = "<group>";
		};
		02E39B1B228A502300B7CD01 /* inQProject */ = {
			isa = PBXGroup;
			children = (
				02E39B1C228A502300B7CD01 /* AppDelegate.swift */,
				02E39B20228A502300B7CD01 /* Main.storyboard */,
				02C163CC228B8CCC0029F782 /* Controllers */,
				02C163CE228B8D1C0029F782 /* Data Model */,
				020C2877228B8D8700395CED /* Supporting Files */,
				02E39B28228A502400B7CD01 /* Info.plist */,
			);
			path = inQProject;
			sourceTree = "<group>";
		};
		9398AD599713A43BEF1A80CD /* Pods */ = {
			isa = PBXGroup;
			children = (
				802E2BC59A11D9FB95270BCB /* Pods-inQProject.debug.xcconfig */,
				F3D2A3CB07B1E146F80553FD /* Pods-inQProject.release.xcconfig */,
			);
			path = Pods;
			sourceTree = "<group>";
		};
		BD5569556D0CE025ED906D15 /* Frameworks */ = {
			isa = PBXGroup;
			children = (
				4D8E16031AF87573E7B7621D /* Pods_inQProject.framework */,
			);
			name = Frameworks;
			sourceTree = "<group>";
		};
/* End PBXGroup section */

/* Begin PBXNativeTarget section */
		02E39B18228A502300B7CD01 /* inQProject */ = {
			isa = PBXNativeTarget;
			buildConfigurationList = 02E39B2B228A502400B7CD01 /* Build configuration list for PBXNativeTarget "inQProject" */;
			buildPhases = (
				CA1F5B0D5407D57C3C4B1C12 /* [CP] Check Pods Manifest.lock */,
				02E39B15228A502300B7CD01 /* Sources */,
				02E39B16228A502300B7CD01 /* Frameworks */,
				02E39B17228A502300B7CD01 /* Resources */,
				D94AF16B8C96B68798289DA1 /* [CP] Embed Pods Frameworks */,
			);
			buildRules = (
			);
			dependencies = (
			);
			name = inQProject;
			productName = inQProject;
			productReference = 02E39B19228A502300B7CD01 /* inQProject.app */;
			productType = "com.apple.product-type.application";
		};
/* End PBXNativeTarget section */

/* Begin PBXProject section */
		02E39B11228A502300B7CD01 /* Project object */ = {
			isa = PBXProject;
			attributes = {
				LastSwiftUpdateCheck = 1020;
				LastUpgradeCheck = 1020;
				ORGANIZATIONNAME = "Efren Abraham Tavarez";
				TargetAttributes = {
					02E39B18228A502300B7CD01 = {
						CreatedOnToolsVersion = 10.2;
					};
				};
			};
			buildConfigurationList = 02E39B14228A502300B7CD01 /* Build configuration list for PBXProject "inQProject" */;
			compatibilityVersion = "Xcode 9.3";
			developmentRegion = en;
			hasScannedForEncodings = 0;
			knownRegions = (
				en,
				Base,
			);
			mainGroup = 02E39B10228A502300B7CD01;
			productRefGroup = 02E39B1A228A502300B7CD01 /* Products */;
			projectDirPath = "";
			projectRoot = "";
			targets = (
				02E39B18228A502300B7CD01 /* inQProject */,
			);
		};
/* End PBXProject section */

/* Begin PBXResourcesBuildPhase section */
		02E39B17228A502300B7CD01 /* Resources */ = {
			isa = PBXResourcesBuildPhase;
			buildActionMask = 2147483647;
			files = (
				02E39B27228A502400B7CD01 /* LaunchScreen.storyboard in Resources */,
				02E39B24228A502400B7CD01 /* Assets.xcassets in Resources */,
				02E39B22228A502300B7CD01 /* Main.storyboard in Resources */,
			);
			runOnlyForDeploymentPostprocessing = 0;
		};
/* End PBXResourcesBuildPhase section */

/* Begin PBXShellScriptBuildPhase section */
		CA1F5B0D5407D57C3C4B1C12 /* [CP] Check Pods Manifest.lock */ = {
			isa = PBXShellScriptBuildPhase;
			buildActionMask = 2147483647;
			files = (
			);
			inputFileListPaths = (
			);
			inputPaths = (
				"${PODS_PODFILE_DIR_PATH}/Podfile.lock",
				"${PODS_ROOT}/Manifest.lock",
			);
			name = "[CP] Check Pods Manifest.lock";
			outputFileListPaths = (
			);
			outputPaths = (
				"$(DERIVED_FILE_DIR)/Pods-inQProject-checkManifestLockResult.txt",
			);
			runOnlyForDeploymentPostprocessing = 0;
			shellPath = /bin/sh;
			shellScript = "diff \"${PODS_PODFILE_DIR_PATH}/Podfile.lock\" \"${PODS_ROOT}/Manifest.lock\" > /dev/null\nif [ $? != 0 ] ; then\n    # print error to STDERR\n    echo \"error: The sandbox is not in sync with the Podfile.lock. Run 'pod install' or update your CocoaPods installation.\" >&2\n    exit 1\nfi\n# This output is used by Xcode 'outputs' to avoid re-running this script phase.\necho \"SUCCESS\" > \"${SCRIPT_OUTPUT_FILE_0}\"\n";
			showEnvVarsInLog = 0;
		};
		D94AF16B8C96B68798289DA1 /* [CP] Embed Pods Frameworks */ = {
			isa = PBXShellScriptBuildPhase;
			buildActionMask = 2147483647;
			files = (
			);
			inputFileListPaths = (
			);
			inputPaths = (
				"${PODS_ROOT}/Target Support Files/Pods-inQProject/Pods-inQProject-frameworks.sh",
				"${BUILT_PRODUCTS_DIR}/Realm/Realm.framework",
				"${BUILT_PRODUCTS_DIR}/RealmSwift/RealmSwift.framework",
			);
			name = "[CP] Embed Pods Frameworks";
			outputFileListPaths = (
			);
			outputPaths = (
				"${TARGET_BUILD_DIR}/${FRAMEWORKS_FOLDER_PATH}/Realm.framework",
				"${TARGET_BUILD_DIR}/${FRAMEWORKS_FOLDER_PATH}/RealmSwift.framework",
			);
			runOnlyForDeploymentPostprocessing = 0;
			shellPath = /bin/sh;
			shellScript = "\"${PODS_ROOT}/Target Support Files/Pods-inQProject/Pods-inQProject-frameworks.sh\"\n";
			showEnvVarsInLog = 0;
		};
/* End PBXShellScriptBuildPhase section */

/* Begin PBXSourcesBuildPhase section */
		02E39B15228A502300B7CD01 /* Sources */ = {
			isa = PBXSourcesBuildPhase;
			buildActionMask = 2147483647;
			files = (
				02021D3C2292F8BD00882190 /* Item.swift in Sources */,
				0226AD4C22921D49009F473B /* CategoryViewController.swift in Sources */,
				02E39B1F228A502300B7CD01 /* TodoListViewController.swift in Sources */,
				02E39B1D228A502300B7CD01 /* AppDelegate.swift in Sources */,
				02021D3E2292F8C700882190 /* Category.swift in Sources */,
			);
			runOnlyForDeploymentPostprocessing = 0;
		};
/* End PBXSourcesBuildPhase section */

/* Begin PBXVariantGroup section */
		02E39B20228A502300B7CD01 /* Main.storyboard */ = {
			isa = PBXVariantGroup;
			children = (
				02E39B21228A502300B7CD01 /* Base */,
			);
			name = Main.storyboard;
			sourceTree = "<group>";
		};
		02E39B25228A502400B7CD01 /* LaunchScreen.storyboard */ = {
			isa = PBXVariantGroup;
			children = (
				02E39B26228A502400B7CD01 /* Base */,
			);
			name = LaunchScreen.storyboard;
			sourceTree = "<group>";
		};
/* End PBXVariantGroup section */

/* Begin XCBuildConfiguration section */
		02E39B29228A502400B7CD01 /* Debug */ = {
			isa = XCBuildConfiguration;
			buildSettings = {
				ALWAYS_SEARCH_USER_PATHS = NO;
				CLANG_ANALYZER_NONNULL = YES;
				CLANG_ANALYZER_NUMBER_OBJECT_CONVERSION = YES_AGGRESSIVE;
				CLANG_CXX_LANGUAGE_STANDARD = "gnu++14";
				CLANG_CXX_LIBRARY = "libc++";
				CLANG_ENABLE_MODULES = YES;
				CLANG_ENABLE_OBJC_ARC = YES;
				CLANG_ENABLE_OBJC_WEAK = YES;
				CLANG_WARN_BLOCK_CAPTURE_AUTORELEASING = YES;
				CLANG_WARN_BOOL_CONVERSION = YES;
				CLANG_WARN_COMMA = YES;
				CLANG_WARN_CONSTANT_CONVERSION = YES;
				CLANG_WARN_DEPRECATED_OBJC_IMPLEMENTATIONS = YES;
				CLANG_WARN_DIRECT_OBJC_ISA_USAGE = YES_ERROR;
				CLANG_WARN_DOCUMENTATION_COMMENTS = YES;
				CLANG_WARN_EMPTY_BODY = YES;
				CLANG_WARN_ENUM_CONVERSION = YES;
				CLANG_WARN_INFINITE_RECURSION = YES;
				CLANG_WARN_INT_CONVERSION = YES;
				CLANG_WARN_NON_LITERAL_NULL_CONVERSION = YES;
				CLANG_WARN_OBJC_IMPLICIT_RETAIN_SELF = YES;
				CLANG_WARN_OBJC_LITERAL_CONVERSION = YES;
				CLANG_WARN_OBJC_ROOT_CLASS = YES_ERROR;
				CLANG_WARN_RANGE_LOOP_ANALYSIS = YES;
				CLANG_WARN_STRICT_PROTOTYPES = YES;
				CLANG_WARN_SUSPICIOUS_MOVE = YES;
				CLANG_WARN_UNGUARDED_AVAILABILITY = YES_AGGRESSIVE;
				CLANG_WARN_UNREACHABLE_CODE = YES;
				CLANG_WARN__DUPLICATE_METHOD_MATCH = YES;
				CODE_SIGN_IDENTITY = "iPhone Developer";
				COPY_PHASE_STRIP = NO;
				DEBUG_INFORMATION_FORMAT = dwarf;
				ENABLE_STRICT_OBJC_MSGSEND = YES;
				ENABLE_TESTABILITY = YES;
				GCC_C_LANGUAGE_STANDARD = gnu11;
				GCC_DYNAMIC_NO_PIC = NO;
				GCC_NO_COMMON_BLOCKS = YES;
				GCC_OPTIMIZATION_LEVEL = 0;
				GCC_PREPROCESSOR_DEFINITIONS = (
					"DEBUG=1",
					"$(inherited)",
				);
				GCC_WARN_64_TO_32_BIT_CONVERSION = YES;
				GCC_WARN_ABOUT_RETURN_TYPE = YES_ERROR;
				GCC_WARN_UNDECLARED_SELECTOR = YES;
				GCC_WARN_UNINITIALIZED_AUTOS = YES_AGGRESSIVE;
				GCC_WARN_UNUSED_FUNCTION = YES;
				GCC_WARN_UNUSED_VARIABLE = YES;
				IPHONEOS_DEPLOYMENT_TARGET = 12.2;
				MTL_ENABLE_DEBUG_INFO = INCLUDE_SOURCE;
				MTL_FAST_MATH = YES;
				ONLY_ACTIVE_ARCH = YES;
				SDKROOT = iphoneos;
				SWIFT_ACTIVE_COMPILATION_CONDITIONS = DEBUG;
				SWIFT_OPTIMIZATION_LEVEL = "-Onone";
			};
			name = Debug;
		};
		02E39B2A228A502400B7CD01 /* Release */ = {
			isa = XCBuildConfiguration;
			buildSettings = {
				ALWAYS_SEARCH_USER_PATHS = NO;
				CLANG_ANALYZER_NONNULL = YES;
				CLANG_ANALYZER_NUMBER_OBJECT_CONVERSION = YES_AGGRESSIVE;
				CLANG_CXX_LANGUAGE_STANDARD = "gnu++14";
				CLANG_CXX_LIBRARY = "libc++";
				CLANG_ENABLE_MODULES = YES;
				CLANG_ENABLE_OBJC_ARC = YES;
				CLANG_ENABLE_OBJC_WEAK = YES;
				CLANG_WARN_BLOCK_CAPTURE_AUTORELEASING = YES;
				CLANG_WARN_BOOL_CONVERSION = YES;
				CLANG_WARN_COMMA = YES;
				CLANG_WARN_CONSTANT_CONVERSION = YES;
				CLANG_WARN_DEPRECATED_OBJC_IMPLEMENTATIONS = YES;
				CLANG_WARN_DIRECT_OBJC_ISA_USAGE = YES_ERROR;
				CLANG_WARN_DOCUMENTATION_COMMENTS = YES;
				CLANG_WARN_EMPTY_BODY = YES;
				CLANG_WARN_ENUM_CONVERSION = YES;
				CLANG_WARN_INFINITE_RECURSION = YES;
				CLANG_WARN_INT_CONVERSION = YES;
				CLANG_WARN_NON_LITERAL_NULL_CONVERSION = YES;
				CLANG_WARN_OBJC_IMPLICIT_RETAIN_SELF = YES;
				CLANG_WARN_OBJC_LITERAL_CONVERSION = YES;
				CLANG_WARN_OBJC_ROOT_CLASS = YES_ERROR;
				CLANG_WARN_RANGE_LOOP_ANALYSIS = YES;
				CLANG_WARN_STRICT_PROTOTYPES = YES;
				CLANG_WARN_SUSPICIOUS_MOVE = YES;
				CLANG_WARN_UNGUARDED_AVAILABILITY = YES_AGGRESSIVE;
				CLANG_WARN_UNREACHABLE_CODE = YES;
				CLANG_WARN__DUPLICATE_METHOD_MATCH = YES;
				CODE_SIGN_IDENTITY = "iPhone Developer";
				COPY_PHASE_STRIP = NO;
				DEBUG_INFORMATION_FORMAT = "dwarf-with-dsym";
				ENABLE_NS_ASSERTIONS = NO;
				ENABLE_STRICT_OBJC_MSGSEND = YES;
				GCC_C_LANGUAGE_STANDARD = gnu11;
				GCC_NO_COMMON_BLOCKS = YES;
				GCC_WARN_64_TO_32_BIT_CONVERSION = YES;
				GCC_WARN_ABOUT_RETURN_TYPE = YES_ERROR;
				GCC_WARN_UNDECLARED_SELECTOR = YES;
				GCC_WARN_UNINITIALIZED_AUTOS = YES_AGGRESSIVE;
				GCC_WARN_UNUSED_FUNCTION = YES;
				GCC_WARN_UNUSED_VARIABLE = YES;
				IPHONEOS_DEPLOYMENT_TARGET = 12.2;
				MTL_ENABLE_DEBUG_INFO = NO;
				MTL_FAST_MATH = YES;
				SDKROOT = iphoneos;
				SWIFT_COMPILATION_MODE = wholemodule;
				SWIFT_OPTIMIZATION_LEVEL = "-O";
				VALIDATE_PRODUCT = YES;
			};
			name = Release;
		};
		02E39B2C228A502400B7CD01 /* Debug */ = {
			isa = XCBuildConfiguration;
			baseConfigurationReference = 802E2BC59A11D9FB95270BCB /* Pods-inQProject.debug.xcconfig */;
			buildSettings = {
				ASSETCATALOG_COMPILER_APPICON_NAME = AppIcon;
				CODE_SIGN_STYLE = Automatic;
				DEVELOPMENT_TEAM = XQ9Z8K7G25;
				INFOPLIST_FILE = inQProject/Info.plist;
				LD_RUNPATH_SEARCH_PATHS = (
					"$(inherited)",
					"@executable_path/Frameworks",
				);
				PRODUCT_BUNDLE_IDENTIFIER = "com.abe-dev.io.inQProject";
				PRODUCT_NAME = "$(TARGET_NAME)";
				SWIFT_VERSION = 5.0;
				TARGETED_DEVICE_FAMILY = "1,2";
			};
			name = Debug;
		};
		02E39B2D228A502400B7CD01 /* Release */ = {
			isa = XCBuildConfiguration;
			baseConfigurationReference = F3D2A3CB07B1E146F80553FD /* Pods-inQProject.release.xcconfig */;
			buildSettings = {
				ASSETCATALOG_COMPILER_APPICON_NAME = AppIcon;
				CODE_SIGN_STYLE = Automatic;
				DEVELOPMENT_TEAM = XQ9Z8K7G25;
				INFOPLIST_FILE = inQProject/Info.plist;
				LD_RUNPATH_SEARCH_PATHS = (
					"$(inherited)",
					"@executable_path/Frameworks",
				);
				PRODUCT_BUNDLE_IDENTIFIER = "com.abe-dev.io.inQProject";
				PRODUCT_NAME = "$(TARGET_NAME)";
				SWIFT_VERSION = 5.0;
				TARGETED_DEVICE_FAMILY = "1,2";
			};
			name = Release;
		};
/* End XCBuildConfiguration section */

/* Begin XCConfigurationList section */
		02E39B14228A502300B7CD01 /* Build configuration list for PBXProject "inQProject" */ = {
			isa = XCConfigurationList;
			buildConfigurations = (
				02E39B29228A502400B7CD01 /* Debug */,
				02E39B2A228A502400B7CD01 /* Release */,
			);
			defaultConfigurationIsVisible = 0;
			defaultConfigurationName = Release;
		};
		02E39B2B228A502400B7CD01 /* Build configuration list for PBXNativeTarget "inQProject" */ = {
			isa = XCConfigurationList;
			buildConfigurations = (
				02E39B2C228A502400B7CD01 /* Debug */,
				02E39B2D228A502400B7CD01 /* Release */,
			);
			defaultConfigurationIsVisible = 0;
			defaultConfigurationName = Release;
		};
/* End XCConfigurationList section */
	};
	rootObject = 02E39B11228A502300B7CD01 /* Project object */;
}
